
Microsoft Visual Studio Solution File, Format Version 12.00
# Visual Studio Version 16
VisualStudioVersion = 16.0.31129.286
MinimumVisualStudioVersion = 10.0.40219.1
Project("{FAE04EC0-301F-11D3-BF4B-00C04F79EFBC}") = "TeamsLibraryExample", "TeamsLibraryExample\TeamsLibraryExample.csproj", "{20A91FC4-C8B4-4653-A7CA-50C3F1C50E72}"
EndProject
Global
	GlobalSection(SolutionConfigurationPlatforms) = preSolution
		Debug|Any CPU = Debug|Any CPU
		Release|Any CPU = Release|Any CPU
	EndGlobalSection
	GlobalSection(ProjectConfigurationPlatforms) = postSolution
		{20A91FC4-C8B4-4653-A7CA-50C3F1C50E72}.Debug|Any CPU.ActiveCfg = Debug|Any CPU
		{20A91FC4-C8B4-4653-A7CA-50C3F1C50E72}.Debug|Any CPU.Build.0 = Debug|Any CPU
		{20A91FC4-C8B4-4653-A7CA-50C3F1C50E72}.Release|Any CPU.ActiveCfg = Release|Any CPU
		{20A91FC4-C8B4-4653-A7CA-50C3F1C50E72}.Release|Any CPU.Build.0 = Release|Any CPU
	EndGlobalSection
	GlobalSection(SolutionProperties) = preSolution
		HideSolutionNode = FALSE
	EndGlobalSection
	GlobalSection(ExtensibilityGlobals) = postSolution
		SolutionGuid = {9F20A72B-66EF-47C6-A032-D86904F9E9E7}
	EndGlobalSection
EndGlobal
